
Microsoft Visual Studio Solution File, Format Version 12.00
# Visual Studio Version 17
VisualStudioVersion = 17.13.36105.23 d17.13
MinimumVisualStudioVersion = 10.0.40219.1
Project("{FAE04EC0-301F-11D3-BF4B-00C04F79EFBC}") = "CSharp11Features", "CSharp11Features\CSharp11Features.csproj", "{EA09730E-4BEB-48CF-AA95-912C81EE4EA7}"
EndProject
Global
	GlobalSection(SolutionConfigurationPlatforms) = preSolution
		Debug|Any CPU = Debug|Any CPU
		Release|Any CPU = Release|Any CPU
	EndGlobalSection
	GlobalSection(ProjectConfigurationPlatforms) = postSolution
		{EA09730E-4BEB-48CF-AA95-912C81EE4EA7}.Debug|Any CPU.ActiveCfg = Debug|Any CPU
		{EA09730E-4BEB-48CF-AA95-912C81EE4EA7}.Debug|Any CPU.Build.0 = Debug|Any CPU
		{EA09730E-4BEB-48CF-AA95-912C81EE4EA7}.Release|Any CPU.ActiveCfg = Release|Any CPU
		{EA09730E-4BEB-48CF-AA95-912C81EE4EA7}.Release|Any CPU.Build.0 = Release|Any CPU
	EndGlobalSection
	GlobalSection(SolutionProperties) = preSolution
		HideSolutionNode = FALSE
	EndGlobalSection
	GlobalSection(ExtensibilityGlobals) = postSolution
		SolutionGuid = {76F29FEF-BAC6-4653-81C4-9982CCBDB031}
	EndGlobalSection
EndGlobal
